// !$*UTF8*$!
{
	archiveVersion = 1;
	classes = {
	};
	objectVersion = 56;
	objects = {

/* Begin PBXBuildFile section */
		017817562B8FFF4000EC5AB0 /* MoexCalculatorApp.swift in Sources */ = {isa = PBXBuildFile; fileRef = 017817552B8FFF4000EC5AB0 /* MoexCalculatorApp.swift */; };
		0178175A2B8FFF4200EC5AB0 /* Assets.xcassets in Resources */ = {isa = PBXBuildFile; fileRef = 017817592B8FFF4200EC5AB0 /* Assets.xcassets */; };
		0178175D2B8FFF4200EC5AB0 /* Preview Assets.xcassets in Resources */ = {isa = PBXBuildFile; fileRef = 0178175C2B8FFF4200EC5AB0 /* Preview Assets.xcassets */; };
		017817642BA08B0100EC5AB0 /* Currency.swift in Sources */ = {isa = PBXBuildFile; fileRef = 017817632BA08B0100EC5AB0 /* Currency.swift */; };
		017817662BA08D6300EC5AB0 /* CalculatorModel.swift in Sources */ = {isa = PBXBuildFile; fileRef = 017817652BA08D6300EC5AB0 /* CalculatorModel.swift */; };
		017817682BA08F7A00EC5AB0 /* CalculatorViewModel.swift in Sources */ = {isa = PBXBuildFile; fileRef = 017817672BA08F7A00EC5AB0 /* CalculatorViewModel.swift */; };
		0178176A2BA1B55B00EC5AB0 /* CalculatorView.swift in Sources */ = {isa = PBXBuildFile; fileRef = 017817692BA1B55B00EC5AB0 /* CalculatorView.swift */; };
		0178176C2BA26EF700EC5AB0 /* CurrencyPicker.swift in Sources */ = {isa = PBXBuildFile; fileRef = 0178176B2BA26EF700EC5AB0 /* CurrencyPicker.swift */; };
		0178176E2BA305D700EC5AB0 /* CurrencyInput.swift in Sources */ = {isa = PBXBuildFile; fileRef = 0178176D2BA305D700EC5AB0 /* CurrencyInput.swift */; };
		017817702BA472D800EC5AB0 /* MainView.swift in Sources */ = {isa = PBXBuildFile; fileRef = 0178176F2BA472D800EC5AB0 /* MainView.swift */; };
		017817762BA67CA100EC5AB0 /* MoexDataLoader.swift in Sources */ = {isa = PBXBuildFile; fileRef = 017817752BA67CA100EC5AB0 /* MoexDataLoader.swift */; };
/* End PBXBuildFile section */

/* Begin PBXFileReference section */
		017817522B8FFF4000EC5AB0 /* MoexCalculator.app */ = {isa = PBXFileReference; explicitFileType = wrapper.application; includeInIndex = 0; path = MoexCalculator.app; sourceTree = BUILT_PRODUCTS_DIR; };
		017817552B8FFF4000EC5AB0 /* MoexCalculatorApp.swift */ = {isa = PBXFileReference; lastKnownFileType = sourcecode.swift; path = MoexCalculatorApp.swift; sourceTree = "<group>"; };
		017817592B8FFF4200EC5AB0 /* Assets.xcassets */ = {isa = PBXFileReference; lastKnownFileType = folder.assetcatalog; path = Assets.xcassets; sourceTree = "<group>"; };
		0178175C2B8FFF4200EC5AB0 /* Preview Assets.xcassets */ = {isa = PBXFileReference; lastKnownFileType = folder.assetcatalog; path = "Preview Assets.xcassets"; sourceTree = "<group>"; };
		017817632BA08B0100EC5AB0 /* Currency.swift */ = {isa = PBXFileReference; lastKnownFileType = sourcecode.swift; path = Currency.swift; sourceTree = "<group>"; };
		017817652BA08D6300EC5AB0 /* CalculatorModel.swift */ = {isa = PBXFileReference; lastKnownFileType = sourcecode.swift; path = CalculatorModel.swift; sourceTree = "<group>"; };
		017817672BA08F7A00EC5AB0 /* CalculatorViewModel.swift */ = {isa = PBXFileReference; lastKnownFileType = sourcecode.swift; path = CalculatorViewModel.swift; sourceTree = "<group>"; };
		017817692BA1B55B00EC5AB0 /* CalculatorView.swift */ = {isa = PBXFileReference; lastKnownFileType = sourcecode.swift; path = CalculatorView.swift; sourceTree = "<group>"; };
		0178176B2BA26EF700EC5AB0 /* CurrencyPicker.swift */ = {isa = PBXFileReference; lastKnownFileType = sourcecode.swift; path = CurrencyPicker.swift; sourceTree = "<group>"; };
		0178176D2BA305D700EC5AB0 /* CurrencyInput.swift */ = {isa = PBXFileReference; lastKnownFileType = sourcecode.swift; path = CurrencyInput.swift; sourceTree = "<group>"; };
		0178176F2BA472D800EC5AB0 /* MainView.swift */ = {isa = PBXFileReference; lastKnownFileType = sourcecode.swift; path = MainView.swift; sourceTree = "<group>"; };
		017817752BA67CA100EC5AB0 /* MoexDataLoader.swift */ = {isa = PBXFileReference; fileEncoding = 4; lastKnownFileType = sourcecode.swift; name = MoexDataLoader.swift; path = MoexCalculator/MoexDataLoader.swift; sourceTree = "<group>"; };
		017817772BA8732E00EC5AB0 /* Info.plist */ = {isa = PBXFileReference; lastKnownFileType = text.plist; path = Info.plist; sourceTree = "<group>"; };
/* End PBXFileReference section */

/* Begin PBXFrameworksBuildPhase section */
		0178174F2B8FFF4000EC5AB0 /* Frameworks */ = {
			isa = PBXFrameworksBuildPhase;
			buildActionMask = 2147483647;
			files = (
			);
			runOnlyForDeploymentPostprocessing = 0;
		};
/* End PBXFrameworksBuildPhase section */

/* Begin PBXGroup section */
		017817492B8FFF4000EC5AB0 = {
			isa = PBXGroup;
			children = (
				017817752BA67CA100EC5AB0 /* MoexDataLoader.swift */,
				017817542B8FFF4000EC5AB0 /* MoexCalculator */,
				017817532B8FFF4000EC5AB0 /* Products */,
			);
			sourceTree = "<group>";
		};
		017817532B8FFF4000EC5AB0 /* Products */ = {
			isa = PBXGroup;
			children = (
				017817522B8FFF4000EC5AB0 /* MoexCalculator.app */,
			);
			name = Products;
			sourceTree = "<group>";
		};
		017817542B8FFF4000EC5AB0 /* MoexCalculator */ = {
			isa = PBXGroup;
			children = (
				017817772BA8732E00EC5AB0 /* Info.plist */,
				017817552B8FFF4000EC5AB0 /* MoexCalculatorApp.swift */,
				017817692BA1B55B00EC5AB0 /* CalculatorView.swift */,
				017817632BA08B0100EC5AB0 /* Currency.swift */,
				017817652BA08D6300EC5AB0 /* CalculatorModel.swift */,
				017817672BA08F7A00EC5AB0 /* CalculatorViewModel.swift */,
				0178176F2BA472D800EC5AB0 /* MainView.swift */,
				0178176B2BA26EF700EC5AB0 /* CurrencyPicker.swift */,
				0178176D2BA305D700EC5AB0 /* CurrencyInput.swift */,
				017817592B8FFF4200EC5AB0 /* Assets.xcassets */,
				0178175B2B8FFF4200EC5AB0 /* Preview Content */,
			);
			path = MoexCalculator;
			sourceTree = "<group>";
		};
		0178175B2B8FFF4200EC5AB0 /* Preview Content */ = {
			isa = PBXGroup;
			children = (
				0178175C2B8FFF4200EC5AB0 /* Preview Assets.xcassets */,
			);
			path = "Preview Content";
			sourceTree = "<group>";
		};
/* End PBXGroup section */

/* Begin PBXNativeTarget section */
		017817512B8FFF4000EC5AB0 /* MoexCalculator */ = {
			isa = PBXNativeTarget;
			buildConfigurationList = 017817602B8FFF4200EC5AB0 /* Build configuration list for PBXNativeTarget "MoexCalculator" */;
			buildPhases = (
				0178174E2B8FFF4000EC5AB0 /* Sources */,
				0178174F2B8FFF4000EC5AB0 /* Frameworks */,
				017817502B8FFF4000EC5AB0 /* Resources */,
			);
			buildRules = (
			);
			dependencies = (
			);
			name = MoexCalculator;
			productName = MoexCalculator;
			productReference = 017817522B8FFF4000EC5AB0 /* MoexCalculator.app */;
			productType = "com.apple.product-type.application";
		};
/* End PBXNativeTarget section */

/* Begin PBXProject section */
		0178174A2B8FFF4000EC5AB0 /* Project object */ = {
			isa = PBXProject;
			attributes = {
				BuildIndependentTargetsInParallel = 1;
				LastSwiftUpdateCheck = 1500;
				LastUpgradeCheck = 1500;
				TargetAttributes = {
					017817512B8FFF4000EC5AB0 = {
						CreatedOnToolsVersion = 15.0.1;
					};
				};
			};
			buildConfigurationList = 0178174D2B8FFF4000EC5AB0 /* Build configuration list for PBXProject "MoexCalculator" */;
			compatibilityVersion = "Xcode 14.0";
			developmentRegion = en;
			hasScannedForEncodings = 0;
			knownRegions = (
				en,
				Base,
			);
			mainGroup = 017817492B8FFF4000EC5AB0;
			productRefGroup = 017817532B8FFF4000EC5AB0 /* Products */;
			projectDirPath = "";
			projectRoot = "";
			targets = (
				017817512B8FFF4000EC5AB0 /* MoexCalculator */,
			);
		};
/* End PBXProject section */

/* Begin PBXResourcesBuildPhase section */
		017817502B8FFF4000EC5AB0 /* Resources */ = {
			isa = PBXResourcesBuildPhase;
			buildActionMask = 2147483647;
			files = (
				0178175D2B8FFF4200EC5AB0 /* Preview Assets.xcassets in Resources */,
				0178175A2B8FFF4200EC5AB0 /* Assets.xcassets in Resources */,
			);
			runOnlyForDeploymentPostprocessing = 0;
		};
/* End PBXResourcesBuildPhase section */

/* Begin PBXSourcesBuildPhase section */
		0178174E2B8FFF4000EC5AB0 /* Sources */ = {
			isa = PBXSourcesBuildPhase;
			buildActionMask = 2147483647;
			files = (
				0178176C2BA26EF700EC5AB0 /* CurrencyPicker.swift in Sources */,
				017817702BA472D800EC5AB0 /* MainView.swift in Sources */,
				017817642BA08B0100EC5AB0 /* Currency.swift in Sources */,
				0178176A2BA1B55B00EC5AB0 /* CalculatorView.swift in Sources */,
				0178176E2BA305D700EC5AB0 /* CurrencyInput.swift in Sources */,
				017817562B8FFF4000EC5AB0 /* MoexCalculatorApp.swift in Sources */,
				017817762BA67CA100EC5AB0 /* MoexDataLoader.swift in Sources */,
				017817662BA08D6300EC5AB0 /* CalculatorModel.swift in Sources */,
				017817682BA08F7A00EC5AB0 /* CalculatorViewModel.swift in Sources */,
			);
			runOnlyForDeploymentPostprocessing = 0;
		};
/* End PBXSourcesBuildPhase section */

/* Begin XCBuildConfiguration section */
		0178175E2B8FFF4200EC5AB0 /* Debug */ = {
			isa = XCBuildConfiguration;
			buildSettings = {
				ALWAYS_SEARCH_USER_PATHS = NO;
				ASSETCATALOG_COMPILER_GENERATE_SWIFT_ASSET_SYMBOL_EXTENSIONS = YES;
				CLANG_ANALYZER_NONNULL = YES;
				CLANG_ANALYZER_NUMBER_OBJECT_CONVERSION = YES_AGGRESSIVE;
				CLANG_CXX_LANGUAGE_STANDARD = "gnu++20";
				CLANG_ENABLE_MODULES = YES;
				CLANG_ENABLE_OBJC_ARC = YES;
				CLANG_ENABLE_OBJC_WEAK = YES;
				CLANG_WARN_BLOCK_CAPTURE_AUTORELEASING = YES;
				CLANG_WARN_BOOL_CONVERSION = YES;
				CLANG_WARN_COMMA = YES;
				CLANG_WARN_CONSTANT_CONVERSION = YES;
				CLANG_WARN_DEPRECATED_OBJC_IMPLEMENTATIONS = YES;
				CLANG_WARN_DIRECT_OBJC_ISA_USAGE = YES_ERROR;
				CLANG_WARN_DOCUMENTATION_COMMENTS = YES;
				CLANG_WARN_EMPTY_BODY = YES;
				CLANG_WARN_ENUM_CONVERSION = YES;
				CLANG_WARN_INFINITE_RECURSION = YES;
				CLANG_WARN_INT_CONVERSION = YES;
				CLANG_WARN_NON_LITERAL_NULL_CONVERSION = YES;
				CLANG_WARN_OBJC_IMPLICIT_RETAIN_SELF = YES;
				CLANG_WARN_OBJC_LITERAL_CONVERSION = YES;
				CLANG_WARN_OBJC_ROOT_CLASS = YES_ERROR;
				CLANG_WARN_QUOTED_INCLUDE_IN_FRAMEWORK_HEADER = YES;
				CLANG_WARN_RANGE_LOOP_ANALYSIS = YES;
				CLANG_WARN_STRICT_PROTOTYPES = YES;
				CLANG_WARN_SUSPICIOUS_MOVE = YES;
				CLANG_WARN_UNGUARDED_AVAILABILITY = YES_AGGRESSIVE;
				CLANG_WARN_UNREACHABLE_CODE = YES;
				CLANG_WARN__DUPLICATE_METHOD_MATCH = YES;
				COPY_PHASE_STRIP = NO;
				DEBUG_INFORMATION_FORMAT = dwarf;
				ENABLE_STRICT_OBJC_MSGSEND = YES;
				ENABLE_TESTABILITY = YES;
				ENABLE_USER_SCRIPT_SANDBOXING = YES;
				GCC_C_LANGUAGE_STANDARD = gnu17;
				GCC_DYNAMIC_NO_PIC = NO;
				GCC_NO_COMMON_BLOCKS = YES;
				GCC_OPTIMIZATION_LEVEL = 0;
				GCC_PREPROCESSOR_DEFINITIONS = (
					"DEBUG=1",
					"$(inherited)",
				);
				GCC_WARN_64_TO_32_BIT_CONVERSION = YES;
				GCC_WARN_ABOUT_RETURN_TYPE = YES_ERROR;
				GCC_WARN_UNDECLARED_SELECTOR = YES;
				GCC_WARN_UNINITIALIZED_AUTOS = YES_AGGRESSIVE;
				GCC_WARN_UNUSED_FUNCTION = YES;
				GCC_WARN_UNUSED_VARIABLE = YES;
				IPHONEOS_DEPLOYMENT_TARGET = 17.0;
				LOCALIZATION_PREFERS_STRING_CATALOGS = YES;
				MTL_ENABLE_DEBUG_INFO = INCLUDE_SOURCE;
				MTL_FAST_MATH = YES;
				ONLY_ACTIVE_ARCH = YES;
				SDKROOT = iphoneos;
				SWIFT_ACTIVE_COMPILATION_CONDITIONS = "DEBUG $(inherited)";
				SWIFT_OPTIMIZATION_LEVEL = "-Onone";
			};
			name = Debug;
		};
		0178175F2B8FFF4200EC5AB0 /* Release */ = {
			isa = XCBuildConfiguration;
			buildSettings = {
				ALWAYS_SEARCH_USER_PATHS = NO;
				ASSETCATALOG_COMPILER_GENERATE_SWIFT_ASSET_SYMBOL_EXTENSIONS = YES;
				CLANG_ANALYZER_NONNULL = YES;
				CLANG_ANALYZER_NUMBER_OBJECT_CONVERSION = YES_AGGRESSIVE;
				CLANG_CXX_LANGUAGE_STANDARD = "gnu++20";
				CLANG_ENABLE_MODULES = YES;
				CLANG_ENABLE_OBJC_ARC = YES;
				CLANG_ENABLE_OBJC_WEAK = YES;
				CLANG_WARN_BLOCK_CAPTURE_AUTORELEASING = YES;
				CLANG_WARN_BOOL_CONVERSION = YES;
				CLANG_WARN_COMMA = YES;
				CLANG_WARN_CONSTANT_CONVERSION = YES;
				CLANG_WARN_DEPRECATED_OBJC_IMPLEMENTATIONS = YES;
				CLANG_WARN_DIRECT_OBJC_ISA_USAGE = YES_ERROR;
				CLANG_WARN_DOCUMENTATION_COMMENTS = YES;
				CLANG_WARN_EMPTY_BODY = YES;
				CLANG_WARN_ENUM_CONVERSION = YES;
				CLANG_WARN_INFINITE_RECURSION = YES;
				CLANG_WARN_INT_CONVERSION = YES;
				CLANG_WARN_NON_LITERAL_NULL_CONVERSION = YES;
				CLANG_WARN_OBJC_IMPLICIT_RETAIN_SELF = YES;
				CLANG_WARN_OBJC_LITERAL_CONVERSION = YES;
				CLANG_WARN_OBJC_ROOT_CLASS = YES_ERROR;
				CLANG_WARN_QUOTED_INCLUDE_IN_FRAMEWORK_HEADER = YES;
				CLANG_WARN_RANGE_LOOP_ANALYSIS = YES;
				CLANG_WARN_STRICT_PROTOTYPES = YES;
				CLANG_WARN_SUSPICIOUS_MOVE = YES;
				CLANG_WARN_UNGUARDED_AVAILABILITY = YES_AGGRESSIVE;
				CLANG_WARN_UNREACHABLE_CODE = YES;
				CLANG_WARN__DUPLICATE_METHOD_MATCH = YES;
				COPY_PHASE_STRIP = NO;
				DEBUG_INFORMATION_FORMAT = "dwarf-with-dsym";
				ENABLE_NS_ASSERTIONS = NO;
				ENABLE_STRICT_OBJC_MSGSEND = YES;
				ENABLE_USER_SCRIPT_SANDBOXING = YES;
				GCC_C_LANGUAGE_STANDARD = gnu17;
				GCC_NO_COMMON_BLOCKS = YES;
				GCC_WARN_64_TO_32_BIT_CONVERSION = YES;
				GCC_WARN_ABOUT_RETURN_TYPE = YES_ERROR;
				GCC_WARN_UNDECLARED_SELECTOR = YES;
				GCC_WARN_UNINITIALIZED_AUTOS = YES_AGGRESSIVE;
				GCC_WARN_UNUSED_FUNCTION = YES;
				GCC_WARN_UNUSED_VARIABLE = YES;
				IPHONEOS_DEPLOYMENT_TARGET = 17.0;
				LOCALIZATION_PREFERS_STRING_CATALOGS = YES;
				MTL_ENABLE_DEBUG_INFO = NO;
				MTL_FAST_MATH = YES;
				SDKROOT = iphoneos;
				SWIFT_COMPILATION_MODE = wholemodule;
				VALIDATE_PRODUCT = YES;
			};
			name = Release;
		};
		017817612B8FFF4200EC5AB0 /* Debug */ = {
			isa = XCBuildConfiguration;
			buildSettings = {
				ASSETCATALOG_COMPILER_APPICON_NAME = AppIcon;
				ASSETCATALOG_COMPILER_GLOBAL_ACCENT_COLOR_NAME = AccentColor;
				CODE_SIGN_STYLE = Automatic;
				CURRENT_PROJECT_VERSION = 1;
				DEVELOPMENT_ASSET_PATHS = "\"MoexCalculator/Preview Content\"";
				DEVELOPMENT_TEAM = RLCVQ32K8A;
				ENABLE_PREVIEWS = YES;
				GENERATE_INFOPLIST_FILE = YES;
				INFOPLIST_FILE = MoexCalculator/Info.plist;
				INFOPLIST_KEY_UIApplicationSceneManifest_Generation = YES;
				INFOPLIST_KEY_UIApplicationSupportsIndirectInputEvents = YES;
				INFOPLIST_KEY_UILaunchScreen_Generation = YES;
				INFOPLIST_KEY_UISupportedInterfaceOrientations_iPad = "UIInterfaceOrientationPortrait UIInterfaceOrientationPortraitUpsideDown UIInterfaceOrientationLandscapeLeft UIInterfaceOrientationLandscapeRight";
				INFOPLIST_KEY_UISupportedInterfaceOrientations_iPhone = "UIInterfaceOrientationPortrait UIInterfaceOrientationLandscapeLeft UIInterfaceOrientationLandscapeRight";
				LD_RUNPATH_SEARCH_PATHS = (
					"$(inherited)",
					"@executable_path/Frameworks",
				);
				MARKETING_VERSION = 1.0;
				PRODUCT_BUNDLE_IDENTIFIER = ru.yandex.practicum.MoexCalculator;
				PRODUCT_NAME = "$(TARGET_NAME)";
				SWIFT_EMIT_LOC_STRINGS = YES;
				SWIFT_VERSION = 5.0;
				TARGETED_DEVICE_FAMILY = "1,2";
			};
			name = Debug;
		};
		017817622B8FFF4200EC5AB0 /* Release */ = {
			isa = XCBuildConfiguration;
			buildSettings = {
				ASSETCATALOG_COMPILER_APPICON_NAME = AppIcon;
				ASSETCATALOG_COMPILER_GLOBAL_ACCENT_COLOR_NAME = AccentColor;
				CODE_SIGN_STYLE = Automatic;
				CURRENT_PROJECT_VERSION = 1;
				DEVELOPMENT_ASSET_PATHS = "\"MoexCalculator/Preview Content\"";
				DEVELOPMENT_TEAM = RLCVQ32K8A;
				ENABLE_PREVIEWS = YES;
				GENERATE_INFOPLIST_FILE = YES;
				INFOPLIST_FILE = MoexCalculator/Info.plist;
				INFOPLIST_KEY_UIApplicationSceneManifest_Generation = YES;
				INFOPLIST_KEY_UIApplicationSupportsIndirectInputEvents = YES;
				INFOPLIST_KEY_UILaunchScreen_Generation = YES;
				INFOPLIST_KEY_UISupportedInterfaceOrientations_iPad = "UIInterfaceOrientationPortrait UIInterfaceOrientationPortraitUpsideDown UIInterfaceOrientationLandscapeLeft UIInterfaceOrientationLandscapeRight";
				INFOPLIST_KEY_UISupportedInterfaceOrientations_iPhone = "UIInterfaceOrientationPortrait UIInterfaceOrientationLandscapeLeft UIInterfaceOrientationLandscapeRight";
				LD_RUNPATH_SEARCH_PATHS = (
					"$(inherited)",
					"@executable_path/Frameworks",
				);
				MARKETING_VERSION = 1.0;
				PRODUCT_BUNDLE_IDENTIFIER = ru.yandex.practicum.MoexCalculator;
				PRODUCT_NAME = "$(TARGET_NAME)";
				SWIFT_EMIT_LOC_STRINGS = YES;
				SWIFT_VERSION = 5.0;
				TARGETED_DEVICE_FAMILY = "1,2";
			};
			name = Release;
		};
/* End XCBuildConfiguration section */

/* Begin XCConfigurationList section */
		0178174D2B8FFF4000EC5AB0 /* Build configuration list for PBXProject "MoexCalculator" */ = {
			isa = XCConfigurationList;
			buildConfigurations = (
				0178175E2B8FFF4200EC5AB0 /* Debug */,
				0178175F2B8FFF4200EC5AB0 /* Release */,
			);
			defaultConfigurationIsVisible = 0;
			defaultConfigurationName = Release;
		};
		017817602B8FFF4200EC5AB0 /* Build configuration list for PBXNativeTarget "MoexCalculator" */ = {
			isa = XCConfigurationList;
			buildConfigurations = (
				017817612B8FFF4200EC5AB0 /* Debug */,
				017817622B8FFF4200EC5AB0 /* Release */,
			);
			defaultConfigurationIsVisible = 0;
			defaultConfigurationName = Release;
		};
/* End XCConfigurationList section */
	};
	rootObject = 0178174A2B8FFF4000EC5AB0 /* Project object */;
}
